{
  "version": "2",
  "remote": {
    "https://deno.land/x/crayon@3.3.0/mod.ts": "82ad225583a483c4837577971629cddaa22614093af8353da6426b9366de9780",
    "https://deno.land/x/crayon@3.3.0/src/conversions.ts": "9bfd3b1fbe412bcba092890ac558b6beaad4c3aa399cd99d45fadb324d28afd6",
    "https://deno.land/x/crayon@3.3.0/src/crayon.ts": "a17c2f9100eb9ed252ee6bc454e53a7f586419e6c7224d9f72e4065d74a0e68e",
    "https://deno.land/x/crayon@3.3.0/src/styles.ts": "aa588b57b2c0482dc5c6f53109b4287831a9827c0aeef9a88129beae1172c1ee",
    "https://deno.land/x/crayon@3.3.0/src/util.ts": "af8884a917488de76ac0c2b92482093ade74514ece77a4c64e5eb5b0f6ed68e6",
    "https://deno.land/x/crayon@3.3.2/mod.ts": "82ad225583a483c4837577971629cddaa22614093af8353da6426b9366de9780",
    "https://deno.land/x/crayon@3.3.2/src/conversions.ts": "9bfd3b1fbe412bcba092890ac558b6beaad4c3aa399cd99d45fadb324d28afd6",
    "https://deno.land/x/crayon@3.3.2/src/crayon.ts": "66baa0847531496ebae49ee31f56491010d83345d538240c31bbb59b2da0b2d4",
    "https://deno.land/x/crayon@3.3.2/src/styles.ts": "aa588b57b2c0482dc5c6f53109b4287831a9827c0aeef9a88129beae1172c1ee",
    "https://deno.land/x/crayon@3.3.2/src/util.ts": "af8884a917488de76ac0c2b92482093ade74514ece77a4c64e5eb5b0f6ed68e6",
    "https://deno.land/x/tui@2.0.0/mod.ts": "e95d1d0133ff90922483a412f5e3172abec51d9978080334bf73cd1e974ea85f",
    "https://deno.land/x/tui@2.0.0/src/canvas/box.ts": "d9368343deb05724f230ceb6fd6e7e8a255bc20d5d0313fcb27bdf895724d2c0",
    "https://deno.land/x/tui@2.0.0/src/canvas/canvas.ts": "2074b8f7066de16835e633a70721607d2b816f9f5f7608c167ff35958a72968a",
    "https://deno.land/x/tui@2.0.0/src/canvas/draw_object.ts": "f76d2616727542000605f8aff35847df1531bbdfdc4923a3ce221c5918804983",
    "https://deno.land/x/tui@2.0.0/src/canvas/mod.ts": "39d306b615abf55e6de8edd570bca6f02b26186a9bdd00c2a9dcb0f3f31be82e",
    "https://deno.land/x/tui@2.0.0/src/canvas/text.ts": "1a92df9698246193356ac871ebb8b840c85f6c832ce0681e98d9fc06442c8e83",
    "https://deno.land/x/tui@2.0.0/src/component.ts": "064f1c0d036d9dee1719c37ce28c4120a6a8e604b85a4259b86184a3e98ef8e7",
    "https://deno.land/x/tui@2.0.0/src/components/box.ts": "c315bb888f676563bea3b362a999d15b7ca0af888843445b69674788eac7afe7",
    "https://deno.land/x/tui@2.0.0/src/components/button.ts": "0d53eac0ac4419b575db73d2db52eb154471897fad7410f805ad9adf2f9a1f0a",
    "https://deno.land/x/tui@2.0.0/src/components/checkbox.ts": "6fee6e19607f252220bce1c78f1e25902e2bea6b3ba3b76b9e93b702621f58ec",
    "https://deno.land/x/tui@2.0.0/src/components/combobox.ts": "0dcef9a293cacac81560f0c70197e60ca81e2bf627489949be94de9da23defbb",
    "https://deno.land/x/tui@2.0.0/src/components/frame.ts": "5b917ffcb009f8711a4e619a79ce29ac39d831f2b3eed3b47ee5eeee2bd73f5f",
    "https://deno.land/x/tui@2.0.0/src/components/input.ts": "a31bec30361bc4b450de9d51635f6e5f1c10a7f396d9384c176c951a124b96fe",
    "https://deno.land/x/tui@2.0.0/src/components/label.ts": "48a11f5cf56a2d4e5bbf4886bb62b7ff981522954f04436c14188630ef66e06f",
    "https://deno.land/x/tui@2.0.0/src/components/mod.ts": "f68fdcdd045ef8379347590884e204a0769f69f0388108bb5f830a6e528648a1",
    "https://deno.land/x/tui@2.0.0/src/components/progressbar.ts": "1292412c21a6549a5a6f2a0f4a156815c2dbd5f2a38790210857df67d4cf9d1d",
    "https://deno.land/x/tui@2.0.0/src/components/slider.ts": "2e0374a0b9707f768d28617cafb04401eff1092f3a3b2c824f54b53fa0308a1a",
    "https://deno.land/x/tui@2.0.0/src/components/table.ts": "772f176acd3c85c4e4e2c13a2615343b83780685cf8a710d43a720a9612f5fef",
    "https://deno.land/x/tui@2.0.0/src/components/text.ts": "810f9ee6f63d2de9e5bd02218d0790e1672f6a49fbe9545c876d29aadee1be45",
    "https://deno.land/x/tui@2.0.0/src/components/textbox.ts": "5000cca76cdb1beaa20af727bc61621b83ef93abe1d5ac562d6f763cfee63acc",
    "https://deno.land/x/tui@2.0.0/src/controls.ts": "7cea28be6622bc957e5039aff370dab0b236a92808d282265264de9b4d4196ed",
    "https://deno.land/x/tui@2.0.0/src/event_emitter.ts": "266b5f32f5ef98669e69a083fdbbe5cc123b717bdd40bc24fa90588e2531fb69",
    "https://deno.land/x/tui@2.0.0/src/input.ts": "cafc54adaba438fd2e1ca7f44406e18db2f1d1b4b57efbfa45d88ba23b33e327",
    "https://deno.land/x/tui@2.0.0/src/input_reader/decoders/keyboard.ts": "c56f99fcd39f5de6249a0756deb5f95c9a225a1046dc2eb34355ea9175eb1528",
    "https://deno.land/x/tui@2.0.0/src/input_reader/decoders/mouse.ts": "ab9a6b08ea466053a611ae93cba9845b063597ef156553050c900d5ab8f0b8cc",
    "https://deno.land/x/tui@2.0.0/src/input_reader/mod.ts": "ebb73914c71c05c761b908d462738e63b75d4d1e29ed9899002934a095d3e0ae",
    "https://deno.land/x/tui@2.0.0/src/input_reader/types.ts": "3d255dad2f2b654256ded746f1f9a2af8db33f73defe2bc07784ee66951d8a10",
    "https://deno.land/x/tui@2.0.0/src/signals/computed.ts": "b49e01563e4e9c72921dcf126098e853e647244b54d838bc631642e59b0754a7",
    "https://deno.land/x/tui@2.0.0/src/signals/dependency_tracking.ts": "5bc5747113f92667403642747b3058f7c309db6c4ed3945e90b570b49a245402",
    "https://deno.land/x/tui@2.0.0/src/signals/effect.ts": "2c3f5d057d971883dc0106d175284aec7c411f9b297b163b6e73b7c1871677e5",
    "https://deno.land/x/tui@2.0.0/src/signals/mod.ts": "f5a15e08dc4409f1f132c3bb36a43e4ea2243b4bba2ed83a7f139922cb27c19c",
    "https://deno.land/x/tui@2.0.0/src/signals/reactivity.ts": "cfd306330c59e99e159225c4d2d4a9a33cd1fd17958cef49187ff9cb07a1a82c",
    "https://deno.land/x/tui@2.0.0/src/signals/signal.ts": "6c99032c92c22c80e3d01ef6985f3eac3ad530dd851d1b635c4744894db814f5",
    "https://deno.land/x/tui@2.0.0/src/signals/types.ts": "dbc9d45f9c4eb9a78bd94f98c833c744334ec3d69e2fe62774c9501fdfdd77d4",
    "https://deno.land/x/tui@2.0.0/src/theme.ts": "cabe8655fac49914fbf68f0bc05e8f9f60832ad41da1937a61fca25de3d1d545",
    "https://deno.land/x/tui@2.0.0/src/tui.ts": "465bb0565e87b6f313d04c23fbd2cb89c393d480f62c2fea184a0570e668ea92",
    "https://deno.land/x/tui@2.0.0/src/types.ts": "c406ce537731ad09c9d52e7df20cca1e3d5e7b82363b52e780fa3a267d36ad76",
    "https://deno.land/x/tui@2.0.0/src/utils/ansi_codes.ts": "5a2b5ab12a7f935268c6b1764cb0e3d35a5c637803a6eafa738c9c291338f14c",
    "https://deno.land/x/tui@2.0.0/src/utils/async.ts": "416c85b70ccdd8dfc1bdfca31e529da8094df0630e94fc09f27277bff4056c35",
    "https://deno.land/x/tui@2.0.0/src/utils/component.ts": "4b128ceba9316ae7173e4018612092aec894397fc7749e78de50b5da4487a64c",
    "https://deno.land/x/tui@2.0.0/src/utils/mod.ts": "b6d46006b8b98aac24b8ca127fffa9f86c2979e5722647bfbe0c4ef5b972ba4e",
    "https://deno.land/x/tui@2.0.0/src/utils/numbers.ts": "b474f535521445a8f4aee9dd2d4edde7b7e9844162b0c8636212b15ebb7aed7f",
    "https://deno.land/x/tui@2.0.0/src/utils/signals.ts": "1ec98eaedf5c251f8499a111dec89090d99e5cf10437e2a09f810053f9eded48",
    "https://deno.land/x/tui@2.0.0/src/utils/sorted_array.ts": "68b175ef51c0d4be1267b8b6aa6cf0a2bd24decdae417b4fb9a6dfe25d22594a",
    "https://deno.land/x/tui@2.0.0/src/utils/strings.ts": "480d31c9ce2e9111a6c97637ce5ee474bb2e5b86901ce243b9952c4f3b152e3e",
    "https://deno.land/x/tui@2.0.0/src/view.ts": "01943d0a45259121347a822fa3749db62821cd774cfd7131aad8511b60e288df"
  }
}
